Microsoft Visual Studio Solution File, Format Version 12.00
# Visual Studio Version 16
VisualStudioVersion = 16.0.0.0
MinimumVisualStudioVersion = 16.0.0.0
Project("{9A19103F-16F7-4668-BE54-9A1E7A4F7556}") = "Stargazer.Orleans.Management", "Stargazer.Orleans.Management\Stargazer.Orleans.Management.csproj", "{98A7B29E-A39D-438D-B9C1-1A7B3A237511}"
EndProject
Project("{9A19103F-16F7-4668-BE54-9A1E7A4F7556}") = "Stargazer.Orleans.Management.Client", "Stargazer.Orleans.Management.Client\Stargazer.Orleans.Management.Client.csproj", "{4BD50F51-052C-4DB6-B711-E01DE48F3A94}"
EndProject
Global
	GlobalSection(SolutionConfigurationPlatforms) = preSolution
		Debug|Any CPU = Debug|Any CPU
		Debug|x64 = Debug|x64
		Debug|x86 = Debug|x86
		Release|Any CPU = Release|Any CPU
		Release|x64 = Release|x64
		Release|x86 = Release|x86
	EndGlobalSection
	GlobalSection(ProjectConfigurationPlatforms) = postSolution
		{4BD50F51-052C-4DB6-B711-E01DE48F3A94}.Debug|Any CPU.ActiveCfg = Debug|Any CPU
		{4BD50F51-052C-4DB6-B711-E01DE48F3A94}.Debug|Any CPU.Build.0 = Debug|Any CPU
		{4BD50F51-052C-4DB6-B711-E01DE48F3A94}.Debug|x64.ActiveCfg = Debug|Any CPU
		{4BD50F51-052C-4DB6-B711-E01DE48F3A94}.Debug|x64.Build.0 = Debug|Any CPU
		{4BD50F51-052C-4DB6-B711-E01DE48F3A94}.Debug|x86.ActiveCfg = Debug|Any CPU
		{4BD50F51-052C-4DB6-B711-E01DE48F3A94}.Debug|x86.Build.0 = Debug|Any CPU
		{4BD50F51-052C-4DB6-B711-E01DE48F3A94}.Release|Any CPU.ActiveCfg = Release|Any CPU
		{4BD50F51-052C-4DB6-B711-E01DE48F3A94}.Release|Any CPU.Build.0 = Release|Any CPU
		{4BD50F51-052C-4DB6-B711-E01DE48F3A94}.Release|x64.ActiveCfg = Release|Any CPU
		{4BD50F51-052C-4DB6-B711-E01DE48F3A94}.Release|x64.Build.0 = Release|Any CPU
		{4BD50F51-052C-4DB6-B711-E01DE48F3A94}.Release|x86.ActiveCfg = Release|Any CPU
		{4BD50F51-052C-4DB6-B711-E01DE48F3A94}.Release|x86.Build.0 = Release|Any CPU
		{98A7B29E-A39D-438D-B9C1-1A7B3A237511}.Debug|Any CPU.ActiveCfg = Debug|Any CPU
		{98A7B29E-A39D-438D-B9C1-1A7B3A237511}.Debug|Any CPU.Build.0 = Debug|Any CPU
		{98A7B29E-A39D-438D-B9C1-1A7B3A237511}.Debug|x64.ActiveCfg = Debug|Any CPU
		{98A7B29E-A39D-438D-B9C1-1A7B3A237511}.Debug|x64.Build.0 = Debug|Any CPU
		{98A7B29E-A39D-438D-B9C1-1A7B3A237511}.Debug|x86.ActiveCfg = Debug|Any CPU
		{98A7B29E-A39D-438D-B9C1-1A7B3A237511}.Debug|x86.Build.0 = Debug|Any CPU
		{98A7B29E-A39D-438D-B9C1-1A7B3A237511}.Release|Any CPU.ActiveCfg = Release|Any CPU
		{98A7B29E-A39D-438D-B9C1-1A7B3A237511}.Release|Any CPU.Build.0 = Release|Any CPU
		{98A7B29E-A39D-438D-B9C1-1A7B3A237511}.Release|x64.ActiveCfg = Release|Any CPU
		{98A7B29E-A39D-438D-B9C1-1A7B3A237511}.Release|x64.Build.0 = Release|Any CPU
		{98A7B29E-A39D-438D-B9C1-1A7B3A237511}.Release|x86.ActiveCfg = Release|Any CPU
		{98A7B29E-A39D-438D-B9C1-1A7B3A237511}.Release|x86.Build.0 = Release|Any CPU
	EndGlobalSection
	GlobalSection(SolutionProperties) = preSolution
		HideSolutionNode = FALSE
	EndGlobalSection
	GlobalSection(ExtensibilityGlobals) = postSolution
		SolutionGuid = {C860F6C4-E532-4BFB-A171-841218B844DF}
	EndGlobalSection
EndGlobal
