
Microsoft Visual Studio Solution File, Format Version 12.00
# Visual Studio Version 17
VisualStudioVersion = 17.0.31903.59
MinimumVisualStudioVersion = 10.0.40219.1
Project("{2150E333-8FDC-42A3-9474-1A3956D46DE8}") = "aspire", "aspire", "{64880D93-BAB4-FF83-898C-B934B68C31A9}"
EndProject
Project("{FAE04EC0-301F-11D3-BF4B-00C04F79EFBC}") = "Stargazer.AppHost", "aspire\Stargazer.AppHost\Stargazer.AppHost.csproj", "{3F0CE67C-4CDF-4243-A0AF-6B14F3ADFA57}"
EndProject
Project("{FAE04EC0-301F-11D3-BF4B-00C04F79EFBC}") = "Stargazer.ServiceDefaults", "aspire\Stargazer.ServiceDefaults\Stargazer.ServiceDefaults.csproj", "{91B14EE3-D465-4278-B7AB-C6AC9BCBFDE5}"
EndProject
Project("{2150E333-8FDC-42A3-9474-1A3956D46DE8}") = "modules", "modules", "{CA253913-39DE-BFD0-C9A3-4B7EC6FBDF17}"
EndProject
Project("{2150E333-8FDC-42A3-9474-1A3956D46DE8}") = "Users", "Users", "{6E738700-F19F-83EF-9B5F-3C8900D73B86}"
	ProjectSection(SolutionItems) = preProject
		modules\Users\README.md = modules\Users\README.md
	EndProjectSection
EndProject
Project("{2150E333-8FDC-42A3-9474-1A3956D46DE8}") = "src", "src", "{EFEC6576-0949-4EB8-2C31-23453054396D}"
EndProject
Project("{FAE04EC0-301F-11D3-BF4B-00C04F79EFBC}") = "Stargazer.Orleans.Users.Domain", "modules\Users\src\Stargazer.Orleans.Users.Domain\Stargazer.Orleans.Users.Domain.csproj", "{F240C4E3-A1AF-4C0C-A049-AF8F37C682DA}"
EndProject
Project("{FAE04EC0-301F-11D3-BF4B-00C04F79EFBC}") = "Stargazer.Orleans.Users.Grains", "modules\Users\src\Stargazer.Orleans.Users.Grains\Stargazer.Orleans.Users.Grains.csproj", "{91622204-1EBC-45A3-BD23-6EC07E1694A5}"
EndProject
Project("{FAE04EC0-301F-11D3-BF4B-00C04F79EFBC}") = "Stargazer.Orleans.Users.Grains.Abstractions", "modules\Users\src\Stargazer.Orleans.Users.Grains.Abstractions\Stargazer.Orleans.Users.Grains.Abstractions.csproj", "{8613DFA4-F101-4B78-8CC0-75BBE9E7FE18}"
EndProject
Project("{FAE04EC0-301F-11D3-BF4B-00C04F79EFBC}") = "Stargazer.Orleans.Users.Silo", "modules\Users\src\Stargazer.Orleans.Users.Silo\Stargazer.Orleans.Users.Silo.csproj", "{79BE63C1-482D-4CBA-98F0-9EA2D5FA9091}"
EndProject
Project("{2150E333-8FDC-42A3-9474-1A3956D46DE8}") = "ObjectStorage", "ObjectStorage", "{729B075A-FC89-97FC-10A5-A17CCCE913CD}"
	ProjectSection(SolutionItems) = preProject
		modules\ObjectStorage\README.md = modules\ObjectStorage\README.md
	EndProjectSection
EndProject
Project("{2150E333-8FDC-42A3-9474-1A3956D46DE8}") = "src", "src", "{57AA3328-EF0C-2DB1-407B-8C55EBCA8172}"
EndProject
Project("{FAE04EC0-301F-11D3-BF4B-00C04F79EFBC}") = "Stargazer.Orleans.ObjectStorage.Domain", "modules\ObjectStorage\src\Stargazer.Orleans.ObjectStorage.Domain\Stargazer.Orleans.ObjectStorage.Domain.csproj", "{C7FAB97A-72AE-469C-8282-7149D6B4F630}"
EndProject
Project("{FAE04EC0-301F-11D3-BF4B-00C04F79EFBC}") = "Stargazer.Orleans.ObjectStorage.Grains", "modules\ObjectStorage\src\Stargazer.Orleans.ObjectStorage.Grains\Stargazer.Orleans.ObjectStorage.Grains.csproj", "{F8FC4EFE-00F1-47D8-BFAC-111EBEE60272}"
EndProject
Project("{FAE04EC0-301F-11D3-BF4B-00C04F79EFBC}") = "Stargazer.Orleans.ObjectStorage.Grains.Abstractions", "modules\ObjectStorage\src\Stargazer.Orleans.ObjectStorage.Grains.Abstractions\Stargazer.Orleans.ObjectStorage.Grains.Abstractions.csproj", "{42A594AA-6001-426E-9FDB-89107C564986}"
EndProject
Project("{FAE04EC0-301F-11D3-BF4B-00C04F79EFBC}") = "Stargazer.Orleans.ObjectStorage.Silo", "modules\ObjectStorage\src\Stargazer.Orleans.ObjectStorage.Silo\Stargazer.Orleans.ObjectStorage.Silo.csproj", "{776811ED-6444-4DF1-B5F2-9D247E8581F5}"
EndProject
Project("{FAE04EC0-301F-11D3-BF4B-00C04F79EFBC}") = "Stargazer.Orleans.Users.EntityFrameworkCore.PostgreSQL", "modules\Users\src\Stargazer.Orleans.Users.EntityFrameworkCore.PostgreSQL\Stargazer.Orleans.Users.EntityFrameworkCore.PostgreSQL.csproj", "{271C4F26-B95A-4E2C-9F99-8823256D4E8A}"
EndProject
Project("{FAE04EC0-301F-11D3-BF4B-00C04F79EFBC}") = "Stargazer.Orleans.Users.EntityFrameworkCore.PostgreSQL.DbMigrations", "modules\Users\src\Stargazer.Orleans.Users.EntityFrameworkCore.PostgreSQL.DbMigrations\Stargazer.Orleans.Users.EntityFrameworkCore.PostgreSQL.DbMigrations.csproj", "{113A3C2A-E98A-49A9-862C-6B79A72AD0F7}"
EndProject
Project("{FAE04EC0-301F-11D3-BF4B-00C04F79EFBC}") = "Stargazer.Orleans.ObjectStorage.EntityFrameworkCore.PostgreSQL.DbMigrations", "modules\ObjectStorage\src\Stargazer.Orleans.ObjectStorage.EntityFrameworkCore.PostgreSQL.DbMigrations\Stargazer.Orleans.ObjectStorage.EntityFrameworkCore.PostgreSQL.DbMigrations.csproj", "{832DD3FF-5AD0-4EAC-B8A3-3F6265F4EF5F}"
EndProject
Project("{FAE04EC0-301F-11D3-BF4B-00C04F79EFBC}") = "Stargazer.Orleans.ObjectStorage.EntityFrameworkCore.PostgreSQL", "modules\ObjectStorage\src\Stargazer.Orleans.ObjectStorage.EntityFrameworkCore.PostgreSQL\Stargazer.Orleans.ObjectStorage.EntityFrameworkCore.PostgreSQL.csproj", "{BBD1FC03-5352-4DC2-8A34-F42A58EDE3CC}"
EndProject
Project("{2150E333-8FDC-42A3-9474-1A3956D46DE8}") = "tests", "tests", "{ED3E4032-75B9-EAAC-7F39-A5EA44AB6B48}"
EndProject
Project("{FAE04EC0-301F-11D3-BF4B-00C04F79EFBC}") = "Stargazer.Orleans.ObjectStorage.Tests", "modules\ObjectStorage\tests\Stargazer.Orleans.ObjectStorage.Tests\Stargazer.Orleans.ObjectStorage.Tests.csproj", "{BD3EAE5A-BCD6-49D6-9EDD-E806EE0086BC}"
EndProject
Project("{2150E333-8FDC-42A3-9474-1A3956D46DE8}") = "tests", "tests", "{9DC77C1F-E1C4-4D46-4C40-8FCF61162BCA}"
EndProject
Project("{FAE04EC0-301F-11D3-BF4B-00C04F79EFBC}") = "Stargazer.Orleans.Users.Tests", "modules\Users\tests\Stargazer.Orleans.Users.Tests\Stargazer.Orleans.Users.Tests.csproj", "{14390F14-BD9E-4B14-B488-22769B305B83}"
EndProject
Global
	GlobalSection(SolutionConfigurationPlatforms) = preSolution
		Debug|Any CPU = Debug|Any CPU
		Debug|x64 = Debug|x64
		Debug|x86 = Debug|x86
		Release|Any CPU = Release|Any CPU
		Release|x64 = Release|x64
		Release|x86 = Release|x86
	EndGlobalSection
	GlobalSection(ProjectConfigurationPlatforms) = postSolution
		{3F0CE67C-4CDF-4243-A0AF-6B14F3ADFA57}.Debug|Any CPU.ActiveCfg = Debug|Any CPU
		{3F0CE67C-4CDF-4243-A0AF-6B14F3ADFA57}.Debug|Any CPU.Build.0 = Debug|Any CPU
		{3F0CE67C-4CDF-4243-A0AF-6B14F3ADFA57}.Debug|x64.ActiveCfg = Debug|Any CPU
		{3F0CE67C-4CDF-4243-A0AF-6B14F3ADFA57}.Debug|x64.Build.0 = Debug|Any CPU
		{3F0CE67C-4CDF-4243-A0AF-6B14F3ADFA57}.Debug|x86.ActiveCfg = Debug|Any CPU
		{3F0CE67C-4CDF-4243-A0AF-6B14F3ADFA57}.Debug|x86.Build.0 = Debug|Any CPU
		{3F0CE67C-4CDF-4243-A0AF-6B14F3ADFA57}.Release|Any CPU.ActiveCfg = Release|Any CPU
		{3F0CE67C-4CDF-4243-A0AF-6B14F3ADFA57}.Release|Any CPU.Build.0 = Release|Any CPU
		{3F0CE67C-4CDF-4243-A0AF-6B14F3ADFA57}.Release|x64.ActiveCfg = Release|Any CPU
		{3F0CE67C-4CDF-4243-A0AF-6B14F3ADFA57}.Release|x64.Build.0 = Release|Any CPU
		{3F0CE67C-4CDF-4243-A0AF-6B14F3ADFA57}.Release|x86.ActiveCfg = Release|Any CPU
		{3F0CE67C-4CDF-4243-A0AF-6B14F3ADFA57}.Release|x86.Build.0 = Release|Any CPU
		{91B14EE3-D465-4278-B7AB-C6AC9BCBFDE5}.Debug|Any CPU.ActiveCfg = Debug|Any CPU
		{91B14EE3-D465-4278-B7AB-C6AC9BCBFDE5}.Debug|Any CPU.Build.0 = Debug|Any CPU
		{91B14EE3-D465-4278-B7AB-C6AC9BCBFDE5}.Debug|x64.ActiveCfg = Debug|Any CPU
		{91B14EE3-D465-4278-B7AB-C6AC9BCBFDE5}.Debug|x64.Build.0 = Debug|Any CPU
		{91B14EE3-D465-4278-B7AB-C6AC9BCBFDE5}.Debug|x86.ActiveCfg = Debug|Any CPU
		{91B14EE3-D465-4278-B7AB-C6AC9BCBFDE5}.Debug|x86.Build.0 = Debug|Any CPU
		{91B14EE3-D465-4278-B7AB-C6AC9BCBFDE5}.Release|Any CPU.ActiveCfg = Release|Any CPU
		{91B14EE3-D465-4278-B7AB-C6AC9BCBFDE5}.Release|Any CPU.Build.0 = Release|Any CPU
		{91B14EE3-D465-4278-B7AB-C6AC9BCBFDE5}.Release|x64.ActiveCfg = Release|Any CPU
		{91B14EE3-D465-4278-B7AB-C6AC9BCBFDE5}.Release|x64.Build.0 = Release|Any CPU
		{91B14EE3-D465-4278-B7AB-C6AC9BCBFDE5}.Release|x86.ActiveCfg = Release|Any CPU
		{91B14EE3-D465-4278-B7AB-C6AC9BCBFDE5}.Release|x86.Build.0 = Release|Any CPU
		{F240C4E3-A1AF-4C0C-A049-AF8F37C682DA}.Debug|Any CPU.ActiveCfg = Debug|Any CPU
		{F240C4E3-A1AF-4C0C-A049-AF8F37C682DA}.Debug|Any CPU.Build.0 = Debug|Any CPU
		{F240C4E3-A1AF-4C0C-A049-AF8F37C682DA}.Debug|x64.ActiveCfg = Debug|Any CPU
		{F240C4E3-A1AF-4C0C-A049-AF8F37C682DA}.Debug|x64.Build.0 = Debug|Any CPU
		{F240C4E3-A1AF-4C0C-A049-AF8F37C682DA}.Debug|x86.ActiveCfg = Debug|Any CPU
		{F240C4E3-A1AF-4C0C-A049-AF8F37C682DA}.Debug|x86.Build.0 = Debug|Any CPU
		{F240C4E3-A1AF-4C0C-A049-AF8F37C682DA}.Release|Any CPU.ActiveCfg = Release|Any CPU
		{F240C4E3-A1AF-4C0C-A049-AF8F37C682DA}.Release|Any CPU.Build.0 = Release|Any CPU
		{F240C4E3-A1AF-4C0C-A049-AF8F37C682DA}.Release|x64.ActiveCfg = Release|Any CPU
		{F240C4E3-A1AF-4C0C-A049-AF8F37C682DA}.Release|x64.Build.0 = Release|Any CPU
		{F240C4E3-A1AF-4C0C-A049-AF8F37C682DA}.Release|x86.ActiveCfg = Release|Any CPU
		{F240C4E3-A1AF-4C0C-A049-AF8F37C682DA}.Release|x86.Build.0 = Release|Any CPU
		{91622204-1EBC-45A3-BD23-6EC07E1694A5}.Debug|Any CPU.ActiveCfg = Debug|Any CPU
		{91622204-1EBC-45A3-BD23-6EC07E1694A5}.Debug|Any CPU.Build.0 = Debug|Any CPU
		{91622204-1EBC-45A3-BD23-6EC07E1694A5}.Debug|x64.ActiveCfg = Debug|Any CPU
		{91622204-1EBC-45A3-BD23-6EC07E1694A5}.Debug|x64.Build.0 = Debug|Any CPU
		{91622204-1EBC-45A3-BD23-6EC07E1694A5}.Debug|x86.ActiveCfg = Debug|Any CPU
		{91622204-1EBC-45A3-BD23-6EC07E1694A5}.Debug|x86.Build.0 = Debug|Any CPU
		{91622204-1EBC-45A3-BD23-6EC07E1694A5}.Release|Any CPU.ActiveCfg = Release|Any CPU
		{91622204-1EBC-45A3-BD23-6EC07E1694A5}.Release|Any CPU.Build.0 = Release|Any CPU
		{91622204-1EBC-45A3-BD23-6EC07E1694A5}.Release|x64.ActiveCfg = Release|Any CPU
		{91622204-1EBC-45A3-BD23-6EC07E1694A5}.Release|x64.Build.0 = Release|Any CPU
		{91622204-1EBC-45A3-BD23-6EC07E1694A5}.Release|x86.ActiveCfg = Release|Any CPU
		{91622204-1EBC-45A3-BD23-6EC07E1694A5}.Release|x86.Build.0 = Release|Any CPU
		{8613DFA4-F101-4B78-8CC0-75BBE9E7FE18}.Debug|Any CPU.ActiveCfg = Debug|Any CPU
		{8613DFA4-F101-4B78-8CC0-75BBE9E7FE18}.Debug|Any CPU.Build.0 = Debug|Any CPU
		{8613DFA4-F101-4B78-8CC0-75BBE9E7FE18}.Debug|x64.ActiveCfg = Debug|Any CPU
		{8613DFA4-F101-4B78-8CC0-75BBE9E7FE18}.Debug|x64.Build.0 = Debug|Any CPU
		{8613DFA4-F101-4B78-8CC0-75BBE9E7FE18}.Debug|x86.ActiveCfg = Debug|Any CPU
		{8613DFA4-F101-4B78-8CC0-75BBE9E7FE18}.Debug|x86.Build.0 = Debug|Any CPU
		{8613DFA4-F101-4B78-8CC0-75BBE9E7FE18}.Release|Any CPU.ActiveCfg = Release|Any CPU
		{8613DFA4-F101-4B78-8CC0-75BBE9E7FE18}.Release|Any CPU.Build.0 = Release|Any CPU
		{8613DFA4-F101-4B78-8CC0-75BBE9E7FE18}.Release|x64.ActiveCfg = Release|Any CPU
		{8613DFA4-F101-4B78-8CC0-75BBE9E7FE18}.Release|x64.Build.0 = Release|Any CPU
		{8613DFA4-F101-4B78-8CC0-75BBE9E7FE18}.Release|x86.ActiveCfg = Release|Any CPU
		{8613DFA4-F101-4B78-8CC0-75BBE9E7FE18}.Release|x86.Build.0 = Release|Any CPU
		{79BE63C1-482D-4CBA-98F0-9EA2D5FA9091}.Debug|Any CPU.ActiveCfg = Debug|Any CPU
		{79BE63C1-482D-4CBA-98F0-9EA2D5FA9091}.Debug|Any CPU.Build.0 = Debug|Any CPU
		{79BE63C1-482D-4CBA-98F0-9EA2D5FA9091}.Debug|x64.ActiveCfg = Debug|Any CPU
		{79BE63C1-482D-4CBA-98F0-9EA2D5FA9091}.Debug|x64.Build.0 = Debug|Any CPU
		{79BE63C1-482D-4CBA-98F0-9EA2D5FA9091}.Debug|x86.ActiveCfg = Debug|Any CPU
		{79BE63C1-482D-4CBA-98F0-9EA2D5FA9091}.Debug|x86.Build.0 = Debug|Any CPU
		{79BE63C1-482D-4CBA-98F0-9EA2D5FA9091}.Release|Any CPU.ActiveCfg = Release|Any CPU
		{79BE63C1-482D-4CBA-98F0-9EA2D5FA9091}.Release|Any CPU.Build.0 = Release|Any CPU
		{79BE63C1-482D-4CBA-98F0-9EA2D5FA9091}.Release|x64.ActiveCfg = Release|Any CPU
		{79BE63C1-482D-4CBA-98F0-9EA2D5FA9091}.Release|x64.Build.0 = Release|Any CPU
		{79BE63C1-482D-4CBA-98F0-9EA2D5FA9091}.Release|x86.ActiveCfg = Release|Any CPU
		{79BE63C1-482D-4CBA-98F0-9EA2D5FA9091}.Release|x86.Build.0 = Release|Any CPU
		{C7FAB97A-72AE-469C-8282-7149D6B4F630}.Debug|Any CPU.ActiveCfg = Debug|Any CPU
		{C7FAB97A-72AE-469C-8282-7149D6B4F630}.Debug|Any CPU.Build.0 = Debug|Any CPU
		{C7FAB97A-72AE-469C-8282-7149D6B4F630}.Debug|x64.ActiveCfg = Debug|Any CPU
		{C7FAB97A-72AE-469C-8282-7149D6B4F630}.Debug|x64.Build.0 = Debug|Any CPU
		{C7FAB97A-72AE-469C-8282-7149D6B4F630}.Debug|x86.ActiveCfg = Debug|Any CPU
		{C7FAB97A-72AE-469C-8282-7149D6B4F630}.Debug|x86.Build.0 = Debug|Any CPU
		{C7FAB97A-72AE-469C-8282-7149D6B4F630}.Release|Any CPU.ActiveCfg = Release|Any CPU
		{C7FAB97A-72AE-469C-8282-7149D6B4F630}.Release|Any CPU.Build.0 = Release|Any CPU
		{C7FAB97A-72AE-469C-8282-7149D6B4F630}.Release|x64.ActiveCfg = Release|Any CPU
		{C7FAB97A-72AE-469C-8282-7149D6B4F630}.Release|x64.Build.0 = Release|Any CPU
		{C7FAB97A-72AE-469C-8282-7149D6B4F630}.Release|x86.ActiveCfg = Release|Any CPU
		{C7FAB97A-72AE-469C-8282-7149D6B4F630}.Release|x86.Build.0 = Release|Any CPU
		{F8FC4EFE-00F1-47D8-BFAC-111EBEE60272}.Debug|Any CPU.ActiveCfg = Debug|Any CPU
		{F8FC4EFE-00F1-47D8-BFAC-111EBEE60272}.Debug|Any CPU.Build.0 = Debug|Any CPU
		{F8FC4EFE-00F1-47D8-BFAC-111EBEE60272}.Debug|x64.ActiveCfg = Debug|Any CPU
		{F8FC4EFE-00F1-47D8-BFAC-111EBEE60272}.Debug|x64.Build.0 = Debug|Any CPU
		{F8FC4EFE-00F1-47D8-BFAC-111EBEE60272}.Debug|x86.ActiveCfg = Debug|Any CPU
		{F8FC4EFE-00F1-47D8-BFAC-111EBEE60272}.Debug|x86.Build.0 = Debug|Any CPU
		{F8FC4EFE-00F1-47D8-BFAC-111EBEE60272}.Release|Any CPU.ActiveCfg = Release|Any CPU
		{F8FC4EFE-00F1-47D8-BFAC-111EBEE60272}.Release|Any CPU.Build.0 = Release|Any CPU
		{F8FC4EFE-00F1-47D8-BFAC-111EBEE60272}.Release|x64.ActiveCfg = Release|Any CPU
		{F8FC4EFE-00F1-47D8-BFAC-111EBEE60272}.Release|x64.Build.0 = Release|Any CPU
		{F8FC4EFE-00F1-47D8-BFAC-111EBEE60272}.Release|x86.ActiveCfg = Release|Any CPU
		{F8FC4EFE-00F1-47D8-BFAC-111EBEE60272}.Release|x86.Build.0 = Release|Any CPU
		{42A594AA-6001-426E-9FDB-89107C564986}.Debug|Any CPU.ActiveCfg = Debug|Any CPU
		{42A594AA-6001-426E-9FDB-89107C564986}.Debug|Any CPU.Build.0 = Debug|Any CPU
		{42A594AA-6001-426E-9FDB-89107C564986}.Debug|x64.ActiveCfg = Debug|Any CPU
		{42A594AA-6001-426E-9FDB-89107C564986}.Debug|x64.Build.0 = Debug|Any CPU
		{42A594AA-6001-426E-9FDB-89107C564986}.Debug|x86.ActiveCfg = Debug|Any CPU
		{42A594AA-6001-426E-9FDB-89107C564986}.Debug|x86.Build.0 = Debug|Any CPU
		{42A594AA-6001-426E-9FDB-89107C564986}.Release|Any CPU.ActiveCfg = Release|Any CPU
		{42A594AA-6001-426E-9FDB-89107C564986}.Release|Any CPU.Build.0 = Release|Any CPU
		{42A594AA-6001-426E-9FDB-89107C564986}.Release|x64.ActiveCfg = Release|Any CPU
		{42A594AA-6001-426E-9FDB-89107C564986}.Release|x64.Build.0 = Release|Any CPU
		{42A594AA-6001-426E-9FDB-89107C564986}.Release|x86.ActiveCfg = Release|Any CPU
		{42A594AA-6001-426E-9FDB-89107C564986}.Release|x86.Build.0 = Release|Any CPU
		{776811ED-6444-4DF1-B5F2-9D247E8581F5}.Debug|Any CPU.ActiveCfg = Debug|Any CPU
		{776811ED-6444-4DF1-B5F2-9D247E8581F5}.Debug|Any CPU.Build.0 = Debug|Any CPU
		{776811ED-6444-4DF1-B5F2-9D247E8581F5}.Debug|x64.ActiveCfg = Debug|Any CPU
		{776811ED-6444-4DF1-B5F2-9D247E8581F5}.Debug|x64.Build.0 = Debug|Any CPU
		{776811ED-6444-4DF1-B5F2-9D247E8581F5}.Debug|x86.ActiveCfg = Debug|Any CPU
		{776811ED-6444-4DF1-B5F2-9D247E8581F5}.Debug|x86.Build.0 = Debug|Any CPU
		{776811ED-6444-4DF1-B5F2-9D247E8581F5}.Release|Any CPU.ActiveCfg = Release|Any CPU
		{776811ED-6444-4DF1-B5F2-9D247E8581F5}.Release|Any CPU.Build.0 = Release|Any CPU
		{776811ED-6444-4DF1-B5F2-9D247E8581F5}.Release|x64.ActiveCfg = Release|Any CPU
		{776811ED-6444-4DF1-B5F2-9D247E8581F5}.Release|x64.Build.0 = Release|Any CPU
		{776811ED-6444-4DF1-B5F2-9D247E8581F5}.Release|x86.ActiveCfg = Release|Any CPU
		{776811ED-6444-4DF1-B5F2-9D247E8581F5}.Release|x86.Build.0 = Release|Any CPU
		{271C4F26-B95A-4E2C-9F99-8823256D4E8A}.Debug|Any CPU.ActiveCfg = Debug|Any CPU
		{271C4F26-B95A-4E2C-9F99-8823256D4E8A}.Debug|Any CPU.Build.0 = Debug|Any CPU
		{271C4F26-B95A-4E2C-9F99-8823256D4E8A}.Debug|x64.ActiveCfg = Debug|Any CPU
		{271C4F26-B95A-4E2C-9F99-8823256D4E8A}.Debug|x64.Build.0 = Debug|Any CPU
		{271C4F26-B95A-4E2C-9F99-8823256D4E8A}.Debug|x86.ActiveCfg = Debug|Any CPU
		{271C4F26-B95A-4E2C-9F99-8823256D4E8A}.Debug|x86.Build.0 = Debug|Any CPU
		{271C4F26-B95A-4E2C-9F99-8823256D4E8A}.Release|Any CPU.ActiveCfg = Release|Any CPU
		{271C4F26-B95A-4E2C-9F99-8823256D4E8A}.Release|Any CPU.Build.0 = Release|Any CPU
		{271C4F26-B95A-4E2C-9F99-8823256D4E8A}.Release|x64.ActiveCfg = Release|Any CPU
		{271C4F26-B95A-4E2C-9F99-8823256D4E8A}.Release|x64.Build.0 = Release|Any CPU
		{271C4F26-B95A-4E2C-9F99-8823256D4E8A}.Release|x86.ActiveCfg = Release|Any CPU
		{271C4F26-B95A-4E2C-9F99-8823256D4E8A}.Release|x86.Build.0 = Release|Any CPU
		{113A3C2A-E98A-49A9-862C-6B79A72AD0F7}.Debug|Any CPU.ActiveCfg = Debug|Any CPU
		{113A3C2A-E98A-49A9-862C-6B79A72AD0F7}.Debug|Any CPU.Build.0 = Debug|Any CPU
		{113A3C2A-E98A-49A9-862C-6B79A72AD0F7}.Debug|x64.ActiveCfg = Debug|Any CPU
		{113A3C2A-E98A-49A9-862C-6B79A72AD0F7}.Debug|x64.Build.0 = Debug|Any CPU
		{113A3C2A-E98A-49A9-862C-6B79A72AD0F7}.Debug|x86.ActiveCfg = Debug|Any CPU
		{113A3C2A-E98A-49A9-862C-6B79A72AD0F7}.Debug|x86.Build.0 = Debug|Any CPU
		{113A3C2A-E98A-49A9-862C-6B79A72AD0F7}.Release|Any CPU.ActiveCfg = Release|Any CPU
		{113A3C2A-E98A-49A9-862C-6B79A72AD0F7}.Release|Any CPU.Build.0 = Release|Any CPU
		{113A3C2A-E98A-49A9-862C-6B79A72AD0F7}.Release|x64.ActiveCfg = Release|Any CPU
		{113A3C2A-E98A-49A9-862C-6B79A72AD0F7}.Release|x64.Build.0 = Release|Any CPU
		{113A3C2A-E98A-49A9-862C-6B79A72AD0F7}.Release|x86.ActiveCfg = Release|Any CPU
		{113A3C2A-E98A-49A9-862C-6B79A72AD0F7}.Release|x86.Build.0 = Release|Any CPU
		{832DD3FF-5AD0-4EAC-B8A3-3F6265F4EF5F}.Debug|Any CPU.ActiveCfg = Debug|Any CPU
		{832DD3FF-5AD0-4EAC-B8A3-3F6265F4EF5F}.Debug|Any CPU.Build.0 = Debug|Any CPU
		{832DD3FF-5AD0-4EAC-B8A3-3F6265F4EF5F}.Debug|x64.ActiveCfg = Debug|Any CPU
		{832DD3FF-5AD0-4EAC-B8A3-3F6265F4EF5F}.Debug|x64.Build.0 = Debug|Any CPU
		{832DD3FF-5AD0-4EAC-B8A3-3F6265F4EF5F}.Debug|x86.ActiveCfg = Debug|Any CPU
		{832DD3FF-5AD0-4EAC-B8A3-3F6265F4EF5F}.Debug|x86.Build.0 = Debug|Any CPU
		{832DD3FF-5AD0-4EAC-B8A3-3F6265F4EF5F}.Release|Any CPU.ActiveCfg = Release|Any CPU
		{832DD3FF-5AD0-4EAC-B8A3-3F6265F4EF5F}.Release|Any CPU.Build.0 = Release|Any CPU
		{832DD3FF-5AD0-4EAC-B8A3-3F6265F4EF5F}.Release|x64.ActiveCfg = Release|Any CPU
		{832DD3FF-5AD0-4EAC-B8A3-3F6265F4EF5F}.Release|x64.Build.0 = Release|Any CPU
		{832DD3FF-5AD0-4EAC-B8A3-3F6265F4EF5F}.Release|x86.ActiveCfg = Release|Any CPU
		{832DD3FF-5AD0-4EAC-B8A3-3F6265F4EF5F}.Release|x86.Build.0 = Release|Any CPU
		{BBD1FC03-5352-4DC2-8A34-F42A58EDE3CC}.Debug|Any CPU.ActiveCfg = Debug|Any CPU
		{BBD1FC03-5352-4DC2-8A34-F42A58EDE3CC}.Debug|Any CPU.Build.0 = Debug|Any CPU
		{BBD1FC03-5352-4DC2-8A34-F42A58EDE3CC}.Debug|x64.ActiveCfg = Debug|Any CPU
		{BBD1FC03-5352-4DC2-8A34-F42A58EDE3CC}.Debug|x64.Build.0 = Debug|Any CPU
		{BBD1FC03-5352-4DC2-8A34-F42A58EDE3CC}.Debug|x86.ActiveCfg = Debug|Any CPU
		{BBD1FC03-5352-4DC2-8A34-F42A58EDE3CC}.Debug|x86.Build.0 = Debug|Any CPU
		{BBD1FC03-5352-4DC2-8A34-F42A58EDE3CC}.Release|Any CPU.ActiveCfg = Release|Any CPU
		{BBD1FC03-5352-4DC2-8A34-F42A58EDE3CC}.Release|Any CPU.Build.0 = Release|Any CPU
		{BBD1FC03-5352-4DC2-8A34-F42A58EDE3CC}.Release|x64.ActiveCfg = Release|Any CPU
		{BBD1FC03-5352-4DC2-8A34-F42A58EDE3CC}.Release|x64.Build.0 = Release|Any CPU
		{BBD1FC03-5352-4DC2-8A34-F42A58EDE3CC}.Release|x86.ActiveCfg = Release|Any CPU
		{BBD1FC03-5352-4DC2-8A34-F42A58EDE3CC}.Release|x86.Build.0 = Release|Any CPU
		{BD3EAE5A-BCD6-49D6-9EDD-E806EE0086BC}.Debug|Any CPU.ActiveCfg = Debug|Any CPU
		{BD3EAE5A-BCD6-49D6-9EDD-E806EE0086BC}.Debug|Any CPU.Build.0 = Debug|Any CPU
		{BD3EAE5A-BCD6-49D6-9EDD-E806EE0086BC}.Debug|x64.ActiveCfg = Debug|Any CPU
		{BD3EAE5A-BCD6-49D6-9EDD-E806EE0086BC}.Debug|x64.Build.0 = Debug|Any CPU
		{BD3EAE5A-BCD6-49D6-9EDD-E806EE0086BC}.Debug|x86.ActiveCfg = Debug|Any CPU
		{BD3EAE5A-BCD6-49D6-9EDD-E806EE0086BC}.Debug|x86.Build.0 = Debug|Any CPU
		{BD3EAE5A-BCD6-49D6-9EDD-E806EE0086BC}.Release|Any CPU.ActiveCfg = Release|Any CPU
		{BD3EAE5A-BCD6-49D6-9EDD-E806EE0086BC}.Release|Any CPU.Build.0 = Release|Any CPU
		{BD3EAE5A-BCD6-49D6-9EDD-E806EE0086BC}.Release|x64.ActiveCfg = Release|Any CPU
		{BD3EAE5A-BCD6-49D6-9EDD-E806EE0086BC}.Release|x64.Build.0 = Release|Any CPU
		{BD3EAE5A-BCD6-49D6-9EDD-E806EE0086BC}.Release|x86.ActiveCfg = Release|Any CPU
		{BD3EAE5A-BCD6-49D6-9EDD-E806EE0086BC}.Release|x86.Build.0 = Release|Any CPU
		{14390F14-BD9E-4B14-B488-22769B305B83}.Debug|Any CPU.ActiveCfg = Debug|Any CPU
		{14390F14-BD9E-4B14-B488-22769B305B83}.Debug|Any CPU.Build.0 = Debug|Any CPU
		{14390F14-BD9E-4B14-B488-22769B305B83}.Debug|x64.ActiveCfg = Debug|Any CPU
		{14390F14-BD9E-4B14-B488-22769B305B83}.Debug|x64.Build.0 = Debug|Any CPU
		{14390F14-BD9E-4B14-B488-22769B305B83}.Debug|x86.ActiveCfg = Debug|Any CPU
		{14390F14-BD9E-4B14-B488-22769B305B83}.Debug|x86.Build.0 = Debug|Any CPU
		{14390F14-BD9E-4B14-B488-22769B305B83}.Release|Any CPU.ActiveCfg = Release|Any CPU
		{14390F14-BD9E-4B14-B488-22769B305B83}.Release|Any CPU.Build.0 = Release|Any CPU
		{14390F14-BD9E-4B14-B488-22769B305B83}.Release|x64.ActiveCfg = Release|Any CPU
		{14390F14-BD9E-4B14-B488-22769B305B83}.Release|x64.Build.0 = Release|Any CPU
		{14390F14-BD9E-4B14-B488-22769B305B83}.Release|x86.ActiveCfg = Release|Any CPU
		{14390F14-BD9E-4B14-B488-22769B305B83}.Release|x86.Build.0 = Release|Any CPU
	EndGlobalSection
	GlobalSection(SolutionProperties) = preSolution
		HideSolutionNode = FALSE
	EndGlobalSection
	GlobalSection(NestedProjects) = preSolution
		{3F0CE67C-4CDF-4243-A0AF-6B14F3ADFA57} = {64880D93-BAB4-FF83-898C-B934B68C31A9}
		{91B14EE3-D465-4278-B7AB-C6AC9BCBFDE5} = {64880D93-BAB4-FF83-898C-B934B68C31A9}
		{6E738700-F19F-83EF-9B5F-3C8900D73B86} = {CA253913-39DE-BFD0-C9A3-4B7EC6FBDF17}
		{EFEC6576-0949-4EB8-2C31-23453054396D} = {6E738700-F19F-83EF-9B5F-3C8900D73B86}
		{F240C4E3-A1AF-4C0C-A049-AF8F37C682DA} = {EFEC6576-0949-4EB8-2C31-23453054396D}
		{91622204-1EBC-45A3-BD23-6EC07E1694A5} = {EFEC6576-0949-4EB8-2C31-23453054396D}
		{8613DFA4-F101-4B78-8CC0-75BBE9E7FE18} = {EFEC6576-0949-4EB8-2C31-23453054396D}
		{79BE63C1-482D-4CBA-98F0-9EA2D5FA9091} = {EFEC6576-0949-4EB8-2C31-23453054396D}
		{729B075A-FC89-97FC-10A5-A17CCCE913CD} = {CA253913-39DE-BFD0-C9A3-4B7EC6FBDF17}
		{57AA3328-EF0C-2DB1-407B-8C55EBCA8172} = {729B075A-FC89-97FC-10A5-A17CCCE913CD}
		{C7FAB97A-72AE-469C-8282-7149D6B4F630} = {57AA3328-EF0C-2DB1-407B-8C55EBCA8172}
		{F8FC4EFE-00F1-47D8-BFAC-111EBEE60272} = {57AA3328-EF0C-2DB1-407B-8C55EBCA8172}
		{42A594AA-6001-426E-9FDB-89107C564986} = {57AA3328-EF0C-2DB1-407B-8C55EBCA8172}
		{776811ED-6444-4DF1-B5F2-9D247E8581F5} = {57AA3328-EF0C-2DB1-407B-8C55EBCA8172}
		{271C4F26-B95A-4E2C-9F99-8823256D4E8A} = {EFEC6576-0949-4EB8-2C31-23453054396D}
		{113A3C2A-E98A-49A9-862C-6B79A72AD0F7} = {EFEC6576-0949-4EB8-2C31-23453054396D}
		{832DD3FF-5AD0-4EAC-B8A3-3F6265F4EF5F} = {57AA3328-EF0C-2DB1-407B-8C55EBCA8172}
		{BBD1FC03-5352-4DC2-8A34-F42A58EDE3CC} = {57AA3328-EF0C-2DB1-407B-8C55EBCA8172}
		{ED3E4032-75B9-EAAC-7F39-A5EA44AB6B48} = {729B075A-FC89-97FC-10A5-A17CCCE913CD}
		{BD3EAE5A-BCD6-49D6-9EDD-E806EE0086BC} = {ED3E4032-75B9-EAAC-7F39-A5EA44AB6B48}
		{9DC77C1F-E1C4-4D46-4C40-8FCF61162BCA} = {6E738700-F19F-83EF-9B5F-3C8900D73B86}
		{14390F14-BD9E-4B14-B488-22769B305B83} = {9DC77C1F-E1C4-4D46-4C40-8FCF61162BCA}
	EndGlobalSection
EndGlobal
